
Microsoft Visual Studio Solution File, Format Version 12.00
# Visual Studio Version 16
VisualStudioVersion = 16.0.33214.272
MinimumVisualStudioVersion = 10.0.40219.1
Project("{FAE04EC0-301F-11D3-BF4B-00C04F79EFBC}") = "Aplikasi Apotek", "Aplikasi Apotek\Aplikasi Apotek.csproj", "{BD05D1AB-971F-40A6-A0CD-2B087D36689C}"
EndProject
Global
	GlobalSection(SolutionConfigurationPlatforms) = preSolution
		Debug|Any CPU = Debug|Any CPU
		Release|Any CPU = Release|Any CPU
	EndGlobalSection
	GlobalSection(ProjectConfigurationPlatforms) = postSolution
		{BD05D1AB-971F-40A6-A0CD-2B087D36689C}.Debug|Any CPU.ActiveCfg = Debug|Any CPU
		{BD05D1AB-971F-40A6-A0CD-2B087D36689C}.Debug|Any CPU.Build.0 = Debug|Any CPU
		{BD05D1AB-971F-40A6-A0CD-2B087D36689C}.Release|Any CPU.ActiveCfg = Release|Any CPU
		{BD05D1AB-971F-40A6-A0CD-2B087D36689C}.Release|Any CPU.Build.0 = Release|Any CPU
	EndGlobalSection
	GlobalSection(SolutionProperties) = preSolution
		HideSolutionNode = FALSE
	EndGlobalSection
	GlobalSection(ExtensibilityGlobals) = postSolution
		SolutionGuid = {8B9DF0BC-CE96-48AF-8C74-5698D43530B1}
	EndGlobalSection
EndGlobal
